
Microsoft Visual Studio Solution File, Format Version 12.00
# Visual Studio 15
VisualStudioVersion = 15.0.28010.2003
MinimumVisualStudioVersion = 10.0.40219.1
Project("{FAE04EC0-301F-11D3-BF4B-00C04F79EFBC}") = "ConsoleApp1", "ConsoleApp1\ConsoleApp1.csproj", "{92B6809F-ED7C-4D21-BEB6-C90C72A6C2DB}"
EndProject
Global
	GlobalSection(SolutionConfigurationPlatforms) = preSolution
		Debug|Any CPU = Debug|Any CPU
		Release|Any CPU = Release|Any CPU
	EndGlobalSection
	GlobalSection(ProjectConfigurationPlatforms) = postSolution
		{92B6809F-ED7C-4D21-BEB6-C90C72A6C2DB}.Debug|Any CPU.ActiveCfg = Debug|Any CPU
		{92B6809F-ED7C-4D21-BEB6-C90C72A6C2DB}.Debug|Any CPU.Build.0 = Debug|Any CPU
		{92B6809F-ED7C-4D21-BEB6-C90C72A6C2DB}.Release|Any CPU.ActiveCfg = Release|Any CPU
		{92B6809F-ED7C-4D21-BEB6-C90C72A6C2DB}.Release|Any CPU.Build.0 = Release|Any CPU
	EndGlobalSection
	GlobalSection(SolutionProperties) = preSolution
		HideSolutionNode = FALSE
	EndGlobalSection
	GlobalSection(ExtensibilityGlobals) = postSolution
		SolutionGuid = {F63E8FF3-B464-41C8-BB52-017FD3778EC6}
	EndGlobalSection
EndGlobal
